<Solution>
  <Folder Name="/src/">
    <Project Path="src/CdsService.Tests/CdsService.Tests.csproj" />
    <Project Path="src/CdsService/CdsService.csproj" />
    <Project Path="src/FhirLoader.Tests/FhirLoader.Tests.csproj" />
    <Project Path="src/FhirLoader/FhirLoader.csproj" />
  </Folder>
</Solution>
